<?xml version="1.0" encoding="utf-8" standalone="yes"?>
<Project ToolsVersion="4.0" xmlns="http://schemas.microsoft.com/developer/msbuild/2003">
  <ItemGroup>
    <Filter Include="source">
      <UniqueIdentifier>{21895B69-DE91-7035-0000-0000CA90681B}</UniqueIdentifier>
    </Filter>
    <Filter Include="source\animation">
      <UniqueIdentifier>{21895B69-DE91-7035-E91E-53A4805D0503}</UniqueIdentifier>
    </Filter>
    <Filter Include="source\bitmapfilter">
      <UniqueIdentifier>{21895B69-DE91-7035-4074-525B8E210F88}</UniqueIdentifier>
    </Filter>
    <Filter Include="source\datatype">
      <UniqueIdentifier>{21895B69-DE91-7035-FF43-0B05646D0485}</UniqueIdentifier>
    </Filter>
    <Filter Include="source\falloff">
      <UniqueIdentifier>{21895B69-DE91-7035-2102-29A5BF329D53}</UniqueIdentifier>
    </Filter>
    <Filter Include="source\filter">
      <UniqueIdentifier>{21895B69-DE91-7035-1194-B70559306A59}</UniqueIdentifier>
    </Filter>
    <Filter Include="source\gui">
      <UniqueIdentifier>{21895B69-DE91-7035-000B-267EBDC445FA}</UniqueIdentifier>
    </Filter>
    <Filter Include="source\object">
      <UniqueIdentifier>{21895B69-DE91-7035-1194-B70568284220}</UniqueIdentifier>
    </Filter>
    <Filter Include="source\other">
      <UniqueIdentifier>{21895B69-DE91-7035-29DB-81C65E3B000F}</UniqueIdentifier>
    </Filter>
    <Filter Include="source\pgp">
      <UniqueIdentifier>{21895B69-DE91-7035-000B-267EBDC46618}</UniqueIdentifier>
    </Filter>
    <Filter Include="source\sculpting">
      <UniqueIdentifier>{21895B69-DE91-7035-E91E-6156F0693456}</UniqueIdentifier>
    </Filter>
    <Filter Include="source\shader">
      <UniqueIdentifier>{21895B69-DE91-7035-1194-B7056F4C16C6}</UniqueIdentifier>
    </Filter>
    <Filter Include="source\tag">
      <UniqueIdentifier>{21895B69-DE91-7035-000B-267EBDC47459}</UniqueIdentifier>
    </Filter>
    <Filter Include="source\tool">
      <UniqueIdentifier>{21895B69-DE91-7035-0159-A958FACA4CB9}</UniqueIdentifier>
    </Filter>
    <Filter Include="source\videopost">
      <UniqueIdentifier>{21895B69-DE91-7035-E91E-63CD8D31E11A}</UniqueIdentifier>
    </Filter>
    <Filter Include="source\painting">
      <UniqueIdentifier>{7ebfc8e9-f4b9-4cf5-ab8d-b97785067dd6}</UniqueIdentifier>
    </Filter>
    <Filter Include="source\painting\advanced">
      <UniqueIdentifier>{b27e2940-5aba-4912-97f7-af51be88b198}</UniqueIdentifier>
    </Filter>
  </ItemGroup>
  <ItemGroup>
    <ClCompile Include="source\animation\blinker.cpp">
      <Filter>source\animation</Filter>
    </ClCompile>
    <ClCompile Include="source\bitmapfilter\filtermatrix.cpp">
      <Filter>source\bitmapfilter</Filter>
    </ClCompile>
    <ClCompile Include="source\bitmapfilter\filterthreshold.cpp">
      <Filter>source\bitmapfilter</Filter>
    </ClCompile>
    <ClCompile Include="source\bitmapfilter\paint_saver_test.cpp">
      <Filter>source\bitmapfilter</Filter>
    </ClCompile>
    <ClCompile Include="source\datatype\datatype.cpp">
      <Filter>source\datatype</Filter>
    </ClCompile>
    <ClCompile Include="source\falloff\randomfalloff.cpp">
      <Filter>source\falloff</Filter>
    </ClCompile>
    <ClCompile Include="source\filter\bff.cpp">
      <Filter>source\filter</Filter>
    </ClCompile>
    <ClCompile Include="source\filter\stl.cpp">
      <Filter>source\filter</Filter>
    </ClCompile>
    <ClCompile Include="source\gui\activeobject.cpp">
      <Filter>source\gui</Filter>
    </ClCompile>
    <ClCompile Include="source\gui\asynctest.cpp">
      <Filter>source\gui</Filter>
    </ClCompile>
    <ClCompile Include="source\gui\gradientuserarea.cpp">
      <Filter>source\gui</Filter>
    </ClCompile>
    <ClCompile Include="source\gui\layershaderbrowser.cpp">
      <Filter>source\gui</Filter>
    </ClCompile>
    <ClCompile Include="source\gui\listview.cpp">
      <Filter>source\gui</Filter>
    </ClCompile>
    <ClCompile Include="source\gui\memstat.cpp">
      <Filter>source\gui</Filter>
    </ClCompile>
    <ClCompile Include="source\gui\menutest.cpp">
      <Filter>source\gui</Filter>
    </ClCompile>
    <ClCompile Include="source\gui\serial.cpp">
      <Filter>source\gui</Filter>
    </ClCompile>
    <ClCompile Include="source\gui\serial_hook.cpp">
      <Filter>source\gui</Filter>
    </ClCompile>
    <ClCompile Include="source\gui\subdialog.cpp">
      <Filter>source\gui</Filter>
    </ClCompile>
    <ClCompile Include="source\main.cpp">
      <Filter>source</Filter>
    </ClCompile>
    <ClCompile Include="source\object\atom.cpp">
      <Filter>source\object</Filter>
    </ClCompile>
    <ClCompile Include="source\object\circle.cpp">
      <Filter>source\object</Filter>
    </ClCompile>
    <ClCompile Include="source\object\dropeffector.cpp">
      <Filter>source\object</Filter>
    </ClCompile>
    <ClCompile Include="source\object\gl_test_object.cpp">
      <Filter>source\object</Filter>
    </ClCompile>
    <ClCompile Include="source\object\gravitation.cpp">
      <Filter>source\object</Filter>
    </ClCompile>
    <ClCompile Include="source\object\hair_collision.cpp">
      <Filter>source\object</Filter>
    </ClCompile>
    <ClCompile Include="source\object\hair_constraint.cpp">
      <Filter>source\object</Filter>
    </ClCompile>
    <ClCompile Include="source\object\hair_deformer.cpp">
      <Filter>source\object</Filter>
    </ClCompile>
    <ClCompile Include="source\object\hair_force.cpp">
      <Filter>source\object</Filter>
    </ClCompile>
    <ClCompile Include="source\object\hair_generator.cpp">
      <Filter>source\object</Filter>
    </ClCompile>
    <ClCompile Include="source\object\hair_grass.cpp">
      <Filter>source\object</Filter>
    </ClCompile>
    <ClCompile Include="source\object\morphmixer.cpp">
      <Filter>source\object</Filter>
    </ClCompile>
    <ClCompile Include="source\object\noiseeffector.cpp">
      <Filter>source\object</Filter>
    </ClCompile>
    <ClCompile Include="source\object\roundedtube.cpp">
      <Filter>source\object</Filter>
    </ClCompile>
    <ClCompile Include="source\object\spherify.cpp">
      <Filter>source\object</Filter>
    </ClCompile>
    <ClCompile Include="source\object\triangulate.cpp">
      <Filter>source\object</Filter>
    </ClCompile>
    <ClCompile Include="source\other\commandlinerender.cpp">
      <Filter>source\other</Filter>
    </ClCompile>
    <ClCompile Include="source\other\misctest.cpp">
      <Filter>source\other</Filter>
    </ClCompile>
    <ClCompile Include="source\pgp\pgp.cpp">
      <Filter>source\pgp</Filter>
    </ClCompile>
    <ClCompile Include="source\sculpting\cubesbrush.cpp">
      <Filter>source\sculpting</Filter>
    </ClCompile>
    <ClCompile Include="source\sculpting\drawpoly.cpp">
      <Filter>source\sculpting</Filter>
    </ClCompile>
    <ClCompile Include="source\sculpting\drawpolybrush.cpp">
      <Filter>source\sculpting</Filter>
    </ClCompile>
    <ClCompile Include="source\sculpting\grabbrush.cpp">
      <Filter>source\sculpting</Filter>
    </ClCompile>
    <ClCompile Include="source\sculpting\loadsave.cpp">
      <Filter>source\sculpting</Filter>
    </ClCompile>
    <ClCompile Include="source\sculpting\pullbrush.cpp">
      <Filter>source\sculpting</Filter>
    </ClCompile>
    <ClCompile Include="source\sculpting\selectionbrush.cpp">
      <Filter>source\sculpting</Filter>
    </ClCompile>
    <ClCompile Include="source\shader\bitmapdistortionshader.cpp">
      <Filter>source\shader</Filter>
    </ClCompile>
    <ClCompile Include="source\shader\gl_material.cpp">
      <Filter>source\shader</Filter>
    </ClCompile>
    <ClCompile Include="source\shader\gradientshader.cpp">
      <Filter>source\shader</Filter>
    </ClCompile>
    <ClCompile Include="source\shader\hair_shader.cpp">
      <Filter>source\shader</Filter>
    </ClCompile>
    <ClCompile Include="source\shader\illumination.cpp">
      <Filter>source\shader</Filter>
    </ClCompile>
    <ClCompile Include="source\shader\mandelbrotshader.cpp">
      <Filter>source\shader</Filter>
    </ClCompile>
    <ClCompile Include="source\shader\particlevolume.cpp">
      <Filter>source\shader</Filter>
    </ClCompile>
    <ClCompile Include="source\shader\simplematerial.cpp">
      <Filter>source\shader</Filter>
    </ClCompile>
    <ClCompile Include="source\tag\hair_render.cpp">
      <Filter>source\tag</Filter>
    </ClCompile>
    <ClCompile Include="source\tag\hair_styling.cpp">
      <Filter>source\tag</Filter>
    </ClCompile>
    <ClCompile Include="source\tag\lookatcamera.cpp">
      <Filter>source\tag</Filter>
    </ClCompile>
    <ClCompile Include="source\tool\edgecuttool.cpp">
      <Filter>source\tool</Filter>
    </ClCompile>
    <ClCompile Include="source\tool\liquidtool.cpp">
      <Filter>source\tool</Filter>
    </ClCompile>
    <ClCompile Include="source\tool\pickobject.cpp">
      <Filter>source\tool</Filter>
    </ClCompile>
    <ClCompile Include="source\tool\reversenormals.cpp">
      <Filter>source\tool</Filter>
    </ClCompile>
    <ClCompile Include="source\tool\sculpting.cpp">
      <Filter>source\tool</Filter>
    </ClCompile>
    <ClCompile Include="source\videopost\hair_videopost.cpp">
      <Filter>source\videopost</Filter>
    </ClCompile>
    <ClCompile Include="source\videopost\visualize_channel.cpp">
      <Filter>source\videopost</Filter>
    </ClCompile>
    <ClCompile Include="source\videopost\vpcolorize.cpp">
      <Filter>source\videopost</Filter>
    </ClCompile>
    <ClCompile Include="source\videopost\vpinvertimage.cpp">
      <Filter>source\videopost</Filter>
    </ClCompile>
    <ClCompile Include="source\videopost\vpreconstructimage.cpp">
      <Filter>source\videopost</Filter>
    </ClCompile>
    <ClCompile Include="source\videopost\vpstereo.cpp">
      <Filter>source\videopost</Filter>
    </ClCompile>
    <ClCompile Include="source\videopost\vpvisualizenormals.cpp">
      <Filter>source\videopost</Filter>
    </ClCompile>
    <ClCompile Include="source\sculpting\sculptbrushmultistamp.cpp">
      <Filter>source\sculpting</Filter>
    </ClCompile>
    <ClCompile Include="source\sculpting\sculptdeformer.cpp">
      <Filter>source\sculpting</Filter>
    </ClCompile>
    <ClCompile Include="source\sculpting\sculptmodifier.cpp">
      <Filter>source\sculpting</Filter>
    </ClCompile>
    <ClCompile Include="source\sculpting\sculptbrushtwist.cpp">
      <Filter>source\sculpting</Filter>
    </ClCompile>
    <ClCompile Include="source\painting\advanced\paintbrushbase.cpp">
      <Filter>source\painting\advanced</Filter>
    </ClCompile>
    <ClCompile Include="source\painting\advanced\paintbrushsculpt.cpp">
      <Filter>source\painting\advanced</Filter>
    </ClCompile>
    <ClCompile Include="source\painting\advanced\paintchannels.cpp">
      <Filter>source\painting\advanced</Filter>
    </ClCompile>
    <ClCompile Include="source\painting\advanced\paintundo.cpp">
      <Filter>source\painting\advanced</Filter>
    </ClCompile>
    <ClCompile Include="source\painting\advanced\registeradvancedpaint.cpp">
      <Filter>source\painting\advanced</Filter>
    </ClCompile>
    <ClCompile Include="source\tool\snaptool.cpp">
      <Filter>source\tool</Filter>
    </ClCompile>
    <ClCompile Include="source\other\movecopyconstructors.cpp">
      <Filter>source\other</Filter>
    </ClCompile>
    <ClCompile Include="source\sculpting\splinebrush.cpp">
      <Filter>source\sculpting</Filter>
    </ClCompile>
    <ClCompile Include="source\other\arraytutorial.cpp">
      <Filter>source\other</Filter>
    </ClCompile>
    <ClCompile Include="source\other\snapdata_nullsnap.cpp">
      <Filter>source\other</Filter>
    </ClCompile>
    <ClCompile Include="source\gui\customgui_string.cpp">
      <Filter>source\gui</Filter>
    </ClCompile>
    <ClCompile Include="source\gui\customdata_customgui.cpp">
      <Filter>source\gui</Filter>
    </ClCompile>
		<ClCompile Include="source\other\takeTest.cpp">
      <Filter>source\other</Filter>
    </ClCompile>
    <ClCompile Include="source\gui\gedialog_gadgets.cpp">
      <Filter>source\gui</Filter>
    </ClCompile>
    <ClCompile Include="source\gui\objectdata_descriptions.cpp">
      <Filter>source\gui</Filter>
    </ClCompile>
    <ClCompile Include="source\gui\objectdata_getsetdparameter.cpp">
      <Filter>source\gui</Filter>
    </ClCompile>
  </ItemGroup>
  <ItemGroup>
    <ClInclude Include="source\gui\gradientuserarea.h">
      <Filter>source\gui</Filter>
    </ClInclude>
    <ClInclude Include="source\gui\layershaderbrowser.h">
      <Filter>source\gui</Filter>
    </ClInclude>
    <ClInclude Include="source\main.h">
      <Filter>source</Filter>
    </ClInclude>
    <ClInclude Include="source\painting\advanced\paintbrushbase.h">
      <Filter>source\painting\advanced</Filter>
    </ClInclude>
    <ClInclude Include="source\painting\advanced\paintbrushids.h">
      <Filter>source\painting\advanced</Filter>
    </ClInclude>
    <ClInclude Include="source\painting\advanced\paintchannels.h">
      <Filter>source\painting\advanced</Filter>
    </ClInclude>
    <ClInclude Include="source\painting\advanced\paintundo.h">
      <Filter>source\painting\advanced</Filter>
    </ClInclude>
    <ClInclude Include="source\painting\advanced\rasterize_bary.h">
      <Filter>source\painting\advanced</Filter>
    </ClInclude>
    <ClInclude Include="source\painting\advanced\registeradvancedpaint.h">
      <Filter>source\painting\advanced</Filter>
    </ClInclude>
  </ItemGroup>
</Project>