// !$*UTF8*$!
{
	archiveVersion = 1;
	classes = {
	};
	objectVersion = 46;
	objects = {

/* Begin PBXBuildFile section */
		261F66D719F934C300641C14 /* arraytutorial.cpp in Sources */ = {isa = PBXBuildFile; fileRef = 261F66D619F934C300641C14 /* arraytutorial.cpp */; };
		26BB9EC91883E80900D6052F /* movecopyconstructors.cpp in Sources */ = {isa = PBXBuildFile; fileRef = 26BB9EC71883E80900D6052F /* movecopyconstructors.cpp */; };
		28897316187B9EC9006FF83E /* paintbrushbase.cpp in Sources */ = {isa = PBXBuildFile; fileRef = 2889730B187B9EC9006FF83E /* paintbrushbase.cpp */; };
		28897317187B9EC9006FF83E /* paintbrushbase.h in Headers */ = {isa = PBXBuildFile; fileRef = 2889730C187B9EC9006FF83E /* paintbrushbase.h */; };
		28897318187B9EC9006FF83E /* paintbrushids.h in Headers */ = {isa = PBXBuildFile; fileRef = 2889730D187B9EC9006FF83E /* paintbrushids.h */; };
		28897319187B9EC9006FF83E /* paintbrushsculpt.cpp in Sources */ = {isa = PBXBuildFile; fileRef = 2889730E187B9EC9006FF83E /* paintbrushsculpt.cpp */; };
		2889731A187B9EC9006FF83E /* paintchannels.cpp in Sources */ = {isa = PBXBuildFile; fileRef = 2889730F187B9EC9006FF83E /* paintchannels.cpp */; };
		2889731B187B9EC9006FF83E /* paintchannels.h in Headers */ = {isa = PBXBuildFile; fileRef = 28897310187B9EC9006FF83E /* paintchannels.h */; };
		2889731C187B9EC9006FF83E /* paintundo.cpp in Sources */ = {isa = PBXBuildFile; fileRef = 28897311187B9EC9006FF83E /* paintundo.cpp */; };
		2889731D187B9EC9006FF83E /* paintundo.h in Headers */ = {isa = PBXBuildFile; fileRef = 28897312187B9EC9006FF83E /* paintundo.h */; };
		2889731E187B9EC9006FF83E /* rasterize_bary.h in Headers */ = {isa = PBXBuildFile; fileRef = 28897313187B9EC9006FF83E /* rasterize_bary.h */; };
		2889731F187B9EC9006FF83E /* registeradvancedpaint.cpp in Sources */ = {isa = PBXBuildFile; fileRef = 28897314187B9EC9006FF83E /* registeradvancedpaint.cpp */; };
		28897320187B9EC9006FF83E /* registeradvancedpaint.h in Headers */ = {isa = PBXBuildFile; fileRef = 28897315187B9EC9006FF83E /* registeradvancedpaint.h */; };
		28897325187B9EE4006FF83E /* sculptbrushmultistamp.cpp in Sources */ = {isa = PBXBuildFile; fileRef = 28897321187B9EE4006FF83E /* sculptbrushmultistamp.cpp */; };
		28897326187B9EE4006FF83E /* sculptbrushtwist.cpp in Sources */ = {isa = PBXBuildFile; fileRef = 28897322187B9EE4006FF83E /* sculptbrushtwist.cpp */; };
		28897327187B9EE4006FF83E /* sculptdeformer.cpp in Sources */ = {isa = PBXBuildFile; fileRef = 28897323187B9EE4006FF83E /* sculptdeformer.cpp */; };
		28897328187B9EE4006FF83E /* sculptmodifier.cpp in Sources */ = {isa = PBXBuildFile; fileRef = 28897324187B9EE4006FF83E /* sculptmodifier.cpp */; };
		30C3BAC71803FDDE004E2C96 /* snaptool.cpp in Sources */ = {isa = PBXBuildFile; fileRef = 30C3BAC61803FDDE004E2C96 /* snaptool.cpp */; };
		603E13231B5FA23200CE980D /* objectdata_getsetdparameter.cpp in Sources */ = {isa = PBXBuildFile; fileRef = 603E13221B5FA23200CE980D /* objectdata_getsetdparameter.cpp */; };
		370E41D219A69052004C284E /* splinebrush.cpp in Sources */ = {isa = PBXBuildFile; fileRef = 370E41D119A69052004C284E /* splinebrush.cpp */; };
		A0A6683339003C788F010000 /* selectionbrush.cpp in Sources */ = {isa = PBXBuildFile; fileRef = A0A6683339003C788F000000 /* selectionbrush.cpp */; };
		A0A668333909A83EB8010000 /* pickobject.cpp in Sources */ = {isa = PBXBuildFile; fileRef = A0A668333909A83EB8000000 /* pickobject.cpp */; };
		A0A66833390B8011F0010000 /* datatype.cpp in Sources */ = {isa = PBXBuildFile; fileRef = A0A66833390B8011F0000000 /* datatype.cpp */; };
		A0A66833390BE67085010000 /* gradientuserarea.cpp in Sources */ = {isa = PBXBuildFile; fileRef = A0A66833390BE67085000000 /* gradientuserarea.cpp */; };
		A0A668333912D85805010000 /* triangulate.cpp in Sources */ = {isa = PBXBuildFile; fileRef = A0A668333912D85805000000 /* triangulate.cpp */; };
		A0A66833391837B5E7010000 /* main.h in Headers */ = {isa = PBXBuildFile; fileRef = A0A66833391837B5E7000000 /* main.h */; };
		A0A66833391B8C1CAF010000 /* vpvisualizenormals.cpp in Sources */ = {isa = PBXBuildFile; fileRef = A0A66833391B8C1CAF000000 /* vpvisualizenormals.cpp */; };
		A0A66833391D9370C0010000 /* gradientshader.cpp in Sources */ = {isa = PBXBuildFile; fileRef = A0A66833391D9370C0000000 /* gradientshader.cpp */; };
		A0A6683339201D7F34010000 /* dropeffector.cpp in Sources */ = {isa = PBXBuildFile; fileRef = A0A6683339201D7F34000000 /* dropeffector.cpp */; };
		A0A668333926279CA7010000 /* noiseeffector.cpp in Sources */ = {isa = PBXBuildFile; fileRef = A0A668333926279CA7000000 /* noiseeffector.cpp */; };
		A0A6683339281EB3C0010000 /* gl_material.cpp in Sources */ = {isa = PBXBuildFile; fileRef = A0A6683339281EB3C0000000 /* gl_material.cpp */; };
		A0A66833392A1F311E010000 /* pullbrush.cpp in Sources */ = {isa = PBXBuildFile; fileRef = A0A66833392A1F311E000000 /* pullbrush.cpp */; };
		A0A66833393224486E010000 /* menutest.cpp in Sources */ = {isa = PBXBuildFile; fileRef = A0A66833393224486E000000 /* menutest.cpp */; };
		A0A6683339342DDFC8010000 /* hair_deformer.cpp in Sources */ = {isa = PBXBuildFile; fileRef = A0A6683339342DDFC8000000 /* hair_deformer.cpp */; };
		A0A668333934D3DB7B010000 /* serial.cpp in Sources */ = {isa = PBXBuildFile; fileRef = A0A668333934D3DB7B000000 /* serial.cpp */; };
		A0A66833393AD1E940010000 /* listview.cpp in Sources */ = {isa = PBXBuildFile; fileRef = A0A66833393AD1E940000000 /* listview.cpp */; };
		A0A66833393C12ED44010000 /* loadsave.cpp in Sources */ = {isa = PBXBuildFile; fileRef = A0A66833393C12ED44000000 /* loadsave.cpp */; };
		A0A66833394214739C010000 /* bitmapdistortionshader.cpp in Sources */ = {isa = PBXBuildFile; fileRef = A0A66833394214739C000000 /* bitmapdistortionshader.cpp */; };
		A0A6683339448C016F010000 /* layershaderbrowser.cpp in Sources */ = {isa = PBXBuildFile; fileRef = A0A6683339448C016F000000 /* layershaderbrowser.cpp */; };
		A0A6683339459B5734010000 /* bff.cpp in Sources */ = {isa = PBXBuildFile; fileRef = A0A6683339459B5734000000 /* bff.cpp */; };
		A0A66833394ABED55F010000 /* hair_render.cpp in Sources */ = {isa = PBXBuildFile; fileRef = A0A66833394ABED55F000000 /* hair_render.cpp */; };
		A0A66833394BEE3A3F010000 /* blinker.cpp in Sources */ = {isa = PBXBuildFile; fileRef = A0A66833394BEE3A3F000000 /* blinker.cpp */; };
		A0A66833394CD21325010000 /* visualize_channel.cpp in Sources */ = {isa = PBXBuildFile; fileRef = A0A66833394CD21325000000 /* visualize_channel.cpp */; };
		A0A66833394F7794E2010000 /* reversenormals.cpp in Sources */ = {isa = PBXBuildFile; fileRef = A0A66833394F7794E2000000 /* reversenormals.cpp */; };
		A0A668333953185C49010000 /* sculpting.cpp in Sources */ = {isa = PBXBuildFile; fileRef = A0A668333953185C49000000 /* sculpting.cpp */; };
		A0A66833395B428726010000 /* hair_collision.cpp in Sources */ = {isa = PBXBuildFile; fileRef = A0A66833395B428726000000 /* hair_collision.cpp */; };
		A0A66833395B452E71010000 /* drawpoly.cpp in Sources */ = {isa = PBXBuildFile; fileRef = A0A66833395B452E71000000 /* drawpoly.cpp */; };
		A0A66833395CB73FCA010000 /* gradientuserarea.h in Headers */ = {isa = PBXBuildFile; fileRef = A0A66833395CB73FCA000000 /* gradientuserarea.h */; };
		A0A66833396018D44F010000 /* hair_styling.cpp in Sources */ = {isa = PBXBuildFile; fileRef = A0A66833396018D44F000000 /* hair_styling.cpp */; };
		A0A6683339617AD2EC010000 /* liquidtool.cpp in Sources */ = {isa = PBXBuildFile; fileRef = A0A6683339617AD2EC000000 /* liquidtool.cpp */; };
		A0A668333962E569FB010000 /* asynctest.cpp in Sources */ = {isa = PBXBuildFile; fileRef = A0A668333962E569FB000000 /* asynctest.cpp */; };
		A0A668333964800334010000 /* layershaderbrowser.h in Headers */ = {isa = PBXBuildFile; fileRef = A0A668333964800334000000 /* layershaderbrowser.h */; };
		A0A6683339662B87FA010000 /* illumination.cpp in Sources */ = {isa = PBXBuildFile; fileRef = A0A6683339662B87FA000000 /* illumination.cpp */; };
		A0A66833396741B662010000 /* atom.cpp in Sources */ = {isa = PBXBuildFile; fileRef = A0A66833396741B662000000 /* atom.cpp */; };
		A0A66833396D68A316010000 /* memstat.cpp in Sources */ = {isa = PBXBuildFile; fileRef = A0A66833396D68A316000000 /* memstat.cpp */; };
		A0A66833396F2106B3010000 /* drawpolybrush.cpp in Sources */ = {isa = PBXBuildFile; fileRef = A0A66833396F2106B3000000 /* drawpolybrush.cpp */; };
		A0A668333972D52247010000 /* hair_generator.cpp in Sources */ = {isa = PBXBuildFile; fileRef = A0A668333972D52247000000 /* hair_generator.cpp */; };
		A0A66833397743C0E4010000 /* pgp.cpp in Sources */ = {isa = PBXBuildFile; fileRef = A0A66833397743C0E4000000 /* pgp.cpp */; };
		A0A6683339774B86B6010000 /* mandelbrotshader.cpp in Sources */ = {isa = PBXBuildFile; fileRef = A0A6683339774B86B6000000 /* mandelbrotshader.cpp */; };
		A0A6683339784ABDA3010000 /* gravitation.cpp in Sources */ = {isa = PBXBuildFile; fileRef = A0A6683339784ABDA3000000 /* gravitation.cpp */; };
		A0A6683339792A03F4010000 /* filterthreshold.cpp in Sources */ = {isa = PBXBuildFile; fileRef = A0A6683339792A03F4000000 /* filterthreshold.cpp */; };
		A0A66833397AB9FF75010000 /* subdialog.cpp in Sources */ = {isa = PBXBuildFile; fileRef = A0A66833397AB9FF75000000 /* subdialog.cpp */; };
		A0A66833397D08479B010000 /* hair_videopost.cpp in Sources */ = {isa = PBXBuildFile; fileRef = A0A66833397D08479B000000 /* hair_videopost.cpp */; };
		A0A66833397EF3397D010000 /* cubesbrush.cpp in Sources */ = {isa = PBXBuildFile; fileRef = A0A66833397EF3397D000000 /* cubesbrush.cpp */; };
		A0A66833398066F297010000 /* commandlinerender.cpp in Sources */ = {isa = PBXBuildFile; fileRef = A0A66833398066F297000000 /* commandlinerender.cpp */; };
		A0A668333983C53DDF010000 /* hair_force.cpp in Sources */ = {isa = PBXBuildFile; fileRef = A0A668333983C53DDF000000 /* hair_force.cpp */; };
		A0A66833398A6D3012010000 /* morphmixer.cpp in Sources */ = {isa = PBXBuildFile; fileRef = A0A66833398A6D3012000000 /* morphmixer.cpp */; };
		A0A66833398B758C71010000 /* serial_hook.cpp in Sources */ = {isa = PBXBuildFile; fileRef = A0A66833398B758C71000000 /* serial_hook.cpp */; };
		A0A66833398FA5014B010000 /* particlevolume.cpp in Sources */ = {isa = PBXBuildFile; fileRef = A0A66833398FA5014B000000 /* particlevolume.cpp */; };
		A0A6683339945B11F5010000 /* spherify.cpp in Sources */ = {isa = PBXBuildFile; fileRef = A0A6683339945B11F5000000 /* spherify.cpp */; };
		A0A6683339A0E953B3010000 /* hair_constraint.cpp in Sources */ = {isa = PBXBuildFile; fileRef = A0A6683339A0E953B3000000 /* hair_constraint.cpp */; };
		A0A6683339A15A2F4F010000 /* vpstereo.cpp in Sources */ = {isa = PBXBuildFile; fileRef = A0A6683339A15A2F4F000000 /* vpstereo.cpp */; };
		A0A6683339B5C1CF35010000 /* lookatcamera.cpp in Sources */ = {isa = PBXBuildFile; fileRef = A0A6683339B5C1CF35000000 /* lookatcamera.cpp */; };
		A0A6683339B7BF7B61010000 /* circle.cpp in Sources */ = {isa = PBXBuildFile; fileRef = A0A6683339B7BF7B61000000 /* circle.cpp */; };
		A0A6683339BFBCECF7010000 /* grabbrush.cpp in Sources */ = {isa = PBXBuildFile; fileRef = A0A6683339BFBCECF7000000 /* grabbrush.cpp */; };
		A0A6683339CBE6CD68010000 /* vpcolorize.cpp in Sources */ = {isa = PBXBuildFile; fileRef = A0A6683339CBE6CD68000000 /* vpcolorize.cpp */; };
		A0A6683339D1700DC2010000 /* activeobject.cpp in Sources */ = {isa = PBXBuildFile; fileRef = A0A6683339D1700DC2000000 /* activeobject.cpp */; };
		A0A6683339D92629F7010000 /* randomfalloff.cpp in Sources */ = {isa = PBXBuildFile; fileRef = A0A6683339D92629F7000000 /* randomfalloff.cpp */; };
		A0A6683339DE19FA2E010000 /* vpreconstructimage.cpp in Sources */ = {isa = PBXBuildFile; fileRef = A0A6683339DE19FA2E000000 /* vpreconstructimage.cpp */; };
		A0A6683339E0386246010000 /* misctest.cpp in Sources */ = {isa = PBXBuildFile; fileRef = A0A6683339E0386246000000 /* misctest.cpp */; };
		A0A6683339E11DAC3D010000 /* stl.cpp in Sources */ = {isa = PBXBuildFile; fileRef = A0A6683339E11DAC3D000000 /* stl.cpp */; };
		A0A6683339E4BF6D66010000 /* paint_saver_test.cpp in Sources */ = {isa = PBXBuildFile; fileRef = A0A6683339E4BF6D66000000 /* paint_saver_test.cpp */; };
		A0A6683339E876172A010000 /* hair_grass.cpp in Sources */ = {isa = PBXBuildFile; fileRef = A0A6683339E876172A000000 /* hair_grass.cpp */; };
		A0A6683339E921D362010000 /* main.cpp in Sources */ = {isa = PBXBuildFile; fileRef = A0A6683339E921D362000000 /* main.cpp */; };
		A0A6683339EEAC41AF010000 /* edgecuttool.cpp in Sources */ = {isa = PBXBuildFile; fileRef = A0A6683339EEAC41AF000000 /* edgecuttool.cpp */; };
		A0A6683339F2CD6C18010000 /* vpinvertimage.cpp in Sources */ = {isa = PBXBuildFile; fileRef = A0A6683339F2CD6C18000000 /* vpinvertimage.cpp */; };
		A0A6683339F470FF41010000 /* libcinema.framework.a in Frameworks */ = {isa = PBXBuildFile; fileRef = A0A6683339F470FF41000000 /* libcinema.framework.a */; };
		A0A6683339F7466884010000 /* simplematerial.cpp in Sources */ = {isa = PBXBuildFile; fileRef = A0A6683339F7466884000000 /* simplematerial.cpp */; };
		A0A6683339FBF36A8A010000 /* roundedtube.cpp in Sources */ = {isa = PBXBuildFile; fileRef = A0A6683339FBF36A8A000000 /* roundedtube.cpp */; };
		A0A6683339FC7832E1010000 /* hair_shader.cpp in Sources */ = {isa = PBXBuildFile; fileRef = A0A6683339FC7832E1000000 /* hair_shader.cpp */; };
		A0A6683339FC93D0C3010000 /* gl_test_object.cpp in Sources */ = {isa = PBXBuildFile; fileRef = A0A6683339FC93D0C3000000 /* gl_test_object.cpp */; };
		A0A6683339FD2F9822010000 /* filtermatrix.cpp in Sources */ = {isa = PBXBuildFile; fileRef = A0A6683339FD2F9822000000 /* filtermatrix.cpp */; };
		CF1845371B0B868200A2C1A5 /* customdata_customgui.cpp in Sources */ = {isa = PBXBuildFile; fileRef = CF1845361B0B868200A2C1A5 /* customdata_customgui.cpp */; };
		CF2C3A131B1F05590000B009 /* objectdata_descriptions.cpp in Sources */ = {isa = PBXBuildFile; fileRef = CF2C3A121B1F05590000B009 /* objectdata_descriptions.cpp */; };
		CF36BFF91B17857D00531499 /* gedialog_gadgets.cpp in Sources */ = {isa = PBXBuildFile; fileRef = CF36BFF81B17857D00531499 /* gedialog_gadgets.cpp */; };
		CF5F74391A8E312800E840EC /* snapdata_nullsnap.cpp in Sources */ = {isa = PBXBuildFile; fileRef = CF5F74381A8E312800E840EC /* snapdata_nullsnap.cpp */; };
		CF930B5F1AC41A45006064BA /* customgui_string.cpp in Sources */ = {isa = PBXBuildFile; fileRef = CF930B5E1AC41A45006064BA /* customgui_string.cpp */; };
		DA3565F01A7414AB0029EEF9 /* takeTest.cpp in Sources */ = {isa = PBXBuildFile; fileRef = DA3565EF1A7414AB0029EEF9 /* takeTest.cpp */; };
/* End PBXBuildFile section */

/* Begin PBXContainerItemProxy section */
		28945ECC17E25C1A009BE29F /* PBXContainerItemProxy */ = {
			isa = PBXContainerItemProxy;
			containerPortal = A0A6683339F470FF41020000 /* cinema.framework.xcodeproj */;
			proxyType = 2;
			remoteGlobalIDString = A08C5CDEA3F470FF417B0100;
			remoteInfo = "cinema.framework static library";
		};
		A0A6683339F470FF41040000 /* PBXContainerItemProxy */ = {
			isa = PBXContainerItemProxy;
			containerPortal = A0A6683339F470FF41020000 /* cinema.framework.xcodeproj */;
			proxyType = 2;
			remoteGlobalIDString = A08C5CDEA3F470FF417B0000;
			remoteInfo = cinema.framework;
		};
		A0A6683339F470FF41050000 /* PBXContainerItemProxy */ = {
			isa = PBXContainerItemProxy;
			containerPortal = A0A6683339F470FF41020000 /* cinema.framework.xcodeproj */;
			proxyType = 1;
			remoteGlobalIDString = A08C5CDEA3F470FF41000000;
			remoteInfo = cinema.framework;
		};
/* End PBXContainerItemProxy section */

/* Begin PBXFileReference section */
		261F66D619F934C300641C14 /* arraytutorial.cpp */ = {isa = PBXFileReference; fileEncoding = 4; lastKnownFileType = sourcecode.cpp.cpp; name = arraytutorial.cpp; path = source/other/arraytutorial.cpp; sourceTree = SOURCE_ROOT; };
		26BB9EC71883E80900D6052F /* movecopyconstructors.cpp */ = {isa = PBXFileReference; fileEncoding = 4; lastKnownFileType = sourcecode.cpp.cpp; name = movecopyconstructors.cpp; path = source/other/movecopyconstructors.cpp; sourceTree = SOURCE_ROOT; };
		2889730B187B9EC9006FF83E /* paintbrushbase.cpp */ = {isa = PBXFileReference; fileEncoding = 4; lastKnownFileType = sourcecode.cpp.cpp; name = paintbrushbase.cpp; path = source/painting/advanced/paintbrushbase.cpp; sourceTree = SOURCE_ROOT; };
		2889730C187B9EC9006FF83E /* paintbrushbase.h */ = {isa = PBXFileReference; fileEncoding = 4; lastKnownFileType = sourcecode.c.h; name = paintbrushbase.h; path = source/painting/advanced/paintbrushbase.h; sourceTree = SOURCE_ROOT; };
		2889730D187B9EC9006FF83E /* paintbrushids.h */ = {isa = PBXFileReference; fileEncoding = 4; lastKnownFileType = sourcecode.c.h; name = paintbrushids.h; path = source/painting/advanced/paintbrushids.h; sourceTree = SOURCE_ROOT; };
		2889730E187B9EC9006FF83E /* paintbrushsculpt.cpp */ = {isa = PBXFileReference; fileEncoding = 4; lastKnownFileType = sourcecode.cpp.cpp; name = paintbrushsculpt.cpp; path = source/painting/advanced/paintbrushsculpt.cpp; sourceTree = SOURCE_ROOT; };
		2889730F187B9EC9006FF83E /* paintchannels.cpp */ = {isa = PBXFileReference; fileEncoding = 4; lastKnownFileType = sourcecode.cpp.cpp; name = paintchannels.cpp; path = source/painting/advanced/paintchannels.cpp; sourceTree = SOURCE_ROOT; };
		28897310187B9EC9006FF83E /* paintchannels.h */ = {isa = PBXFileReference; fileEncoding = 4; lastKnownFileType = sourcecode.c.h; name = paintchannels.h; path = source/painting/advanced/paintchannels.h; sourceTree = SOURCE_ROOT; };
		28897311187B9EC9006FF83E /* paintundo.cpp */ = {isa = PBXFileReference; fileEncoding = 4; lastKnownFileType = sourcecode.cpp.cpp; name = paintundo.cpp; path = source/painting/advanced/paintundo.cpp; sourceTree = SOURCE_ROOT; };
		28897312187B9EC9006FF83E /* paintundo.h */ = {isa = PBXFileReference; fileEncoding = 4; lastKnownFileType = sourcecode.c.h; name = paintundo.h; path = source/painting/advanced/paintundo.h; sourceTree = SOURCE_ROOT; };
		28897313187B9EC9006FF83E /* rasterize_bary.h */ = {isa = PBXFileReference; fileEncoding = 4; lastKnownFileType = sourcecode.c.h; name = rasterize_bary.h; path = source/painting/advanced/rasterize_bary.h; sourceTree = SOURCE_ROOT; };
		28897314187B9EC9006FF83E /* registeradvancedpaint.cpp */ = {isa = PBXFileReference; fileEncoding = 4; lastKnownFileType = sourcecode.cpp.cpp; name = registeradvancedpaint.cpp; path = source/painting/advanced/registeradvancedpaint.cpp; sourceTree = SOURCE_ROOT; };
		28897315187B9EC9006FF83E /* registeradvancedpaint.h */ = {isa = PBXFileReference; fileEncoding = 4; lastKnownFileType = sourcecode.c.h; name = registeradvancedpaint.h; path = source/painting/advanced/registeradvancedpaint.h; sourceTree = SOURCE_ROOT; };
		28897321187B9EE4006FF83E /* sculptbrushmultistamp.cpp */ = {isa = PBXFileReference; fileEncoding = 4; lastKnownFileType = sourcecode.cpp.cpp; name = sculptbrushmultistamp.cpp; path = source/sculpting/sculptbrushmultistamp.cpp; sourceTree = SOURCE_ROOT; };
		28897322187B9EE4006FF83E /* sculptbrushtwist.cpp */ = {isa = PBXFileReference; fileEncoding = 4; lastKnownFileType = sourcecode.cpp.cpp; name = sculptbrushtwist.cpp; path = source/sculpting/sculptbrushtwist.cpp; sourceTree = SOURCE_ROOT; };
		28897323187B9EE4006FF83E /* sculptdeformer.cpp */ = {isa = PBXFileReference; fileEncoding = 4; lastKnownFileType = sourcecode.cpp.cpp; name = sculptdeformer.cpp; path = source/sculpting/sculptdeformer.cpp; sourceTree = SOURCE_ROOT; };
		28897324187B9EE4006FF83E /* sculptmodifier.cpp */ = {isa = PBXFileReference; fileEncoding = 4; lastKnownFileType = sourcecode.cpp.cpp; name = sculptmodifier.cpp; path = source/sculpting/sculptmodifier.cpp; sourceTree = SOURCE_ROOT; };
		30C3BAC61803FDDE004E2C96 /* snaptool.cpp */ = {isa = PBXFileReference; fileEncoding = 4; lastKnownFileType = sourcecode.cpp.cpp; name = snaptool.cpp; path = source/tool/snaptool.cpp; sourceTree = SOURCE_ROOT; };
		603E13221B5FA23200CE980D /* objectdata_getsetdparameter.cpp */ = {isa = PBXFileReference; fileEncoding = 4; lastKnownFileType = sourcecode.cpp.cpp; name = objectdata_getsetdparameter.cpp; path = source/gui/objectdata_getsetdparameter.cpp; sourceTree = SOURCE_ROOT; };
		370E41D119A69052004C284E /* splinebrush.cpp */ = {isa = PBXFileReference; fileEncoding = 4; lastKnownFileType = sourcecode.cpp.cpp; name = splinebrush.cpp; path = source/sculpting/splinebrush.cpp; sourceTree = SOURCE_ROOT; };
		A08C5CDEA3A66833397B0000 /* cinema4dsdk.dylib */ = {isa = PBXFileReference; explicitFileType = "compiled.mach-o.dylib"; includeInIndex = 0; path = cinema4dsdk.dylib; sourceTree = BUILT_PRODUCTS_DIR; };
		A0A668333900000000000000 /* debugbase.xcconfig */ = {isa = PBXFileReference; fileEncoding = 4; lastKnownFileType = text.xcconfig; name = debugbase.xcconfig; path = ../../../frameworks/settings/debugbase.xcconfig; sourceTree = SOURCE_ROOT; };
		A0A668333900000000050000 /* releasebase.xcconfig */ = {isa = PBXFileReference; fileEncoding = 4; lastKnownFileType = text.xcconfig; name = releasebase.xcconfig; path = ../../../frameworks/settings/releasebase.xcconfig; sourceTree = SOURCE_ROOT; };
		A0A6683339003C788F000000 /* selectionbrush.cpp */ = {isa = PBXFileReference; fileEncoding = 4; lastKnownFileType = sourcecode.cpp.cpp; name = selectionbrush.cpp; path = source/sculpting/selectionbrush.cpp; sourceTree = SOURCE_ROOT; };
		A0A668333909A83EB8000000 /* pickobject.cpp */ = {isa = PBXFileReference; fileEncoding = 4; lastKnownFileType = sourcecode.cpp.cpp; name = pickobject.cpp; path = source/tool/pickobject.cpp; sourceTree = SOURCE_ROOT; };
		A0A66833390B8011F0000000 /* datatype.cpp */ = {isa = PBXFileReference; fileEncoding = 4; lastKnownFileType = sourcecode.cpp.cpp; name = datatype.cpp; path = source/datatype/datatype.cpp; sourceTree = SOURCE_ROOT; };
		A0A66833390BE67085000000 /* gradientuserarea.cpp */ = {isa = PBXFileReference; fileEncoding = 4; lastKnownFileType = sourcecode.cpp.cpp; name = gradientuserarea.cpp; path = source/gui/gradientuserarea.cpp; sourceTree = SOURCE_ROOT; };
		A0A668333912D85805000000 /* triangulate.cpp */ = {isa = PBXFileReference; fileEncoding = 4; lastKnownFileType = sourcecode.cpp.cpp; name = triangulate.cpp; path = source/object/triangulate.cpp; sourceTree = SOURCE_ROOT; };
		A0A66833391837B5E7000000 /* main.h */ = {isa = PBXFileReference; fileEncoding = 4; lastKnownFileType = sourcecode.c.h; name = main.h; path = source/main.h; sourceTree = SOURCE_ROOT; };
		A0A66833391B8C1CAF000000 /* vpvisualizenormals.cpp */ = {isa = PBXFileReference; fileEncoding = 4; lastKnownFileType = sourcecode.cpp.cpp; name = vpvisualizenormals.cpp; path = source/videopost/vpvisualizenormals.cpp; sourceTree = SOURCE_ROOT; };
		A0A66833391D9370C0000000 /* gradientshader.cpp */ = {isa = PBXFileReference; fileEncoding = 4; lastKnownFileType = sourcecode.cpp.cpp; name = gradientshader.cpp; path = source/shader/gradientshader.cpp; sourceTree = SOURCE_ROOT; };
		A0A6683339201D7F34000000 /* dropeffector.cpp */ = {isa = PBXFileReference; fileEncoding = 4; lastKnownFileType = sourcecode.cpp.cpp; name = dropeffector.cpp; path = source/object/dropeffector.cpp; sourceTree = SOURCE_ROOT; };
		A0A668333926279CA7000000 /* noiseeffector.cpp */ = {isa = PBXFileReference; fileEncoding = 4; lastKnownFileType = sourcecode.cpp.cpp; name = noiseeffector.cpp; path = source/object/noiseeffector.cpp; sourceTree = SOURCE_ROOT; };
		A0A6683339281EB3C0000000 /* gl_material.cpp */ = {isa = PBXFileReference; fileEncoding = 4; lastKnownFileType = sourcecode.cpp.cpp; name = gl_material.cpp; path = source/shader/gl_material.cpp; sourceTree = SOURCE_ROOT; };
		A0A66833392A1F311E000000 /* pullbrush.cpp */ = {isa = PBXFileReference; fileEncoding = 4; lastKnownFileType = sourcecode.cpp.cpp; name = pullbrush.cpp; path = source/sculpting/pullbrush.cpp; sourceTree = SOURCE_ROOT; };
		A0A66833393224486E000000 /* menutest.cpp */ = {isa = PBXFileReference; fileEncoding = 4; lastKnownFileType = sourcecode.cpp.cpp; name = menutest.cpp; path = source/gui/menutest.cpp; sourceTree = SOURCE_ROOT; };
		A0A6683339342DDFC8000000 /* hair_deformer.cpp */ = {isa = PBXFileReference; fileEncoding = 4; lastKnownFileType = sourcecode.cpp.cpp; name = hair_deformer.cpp; path = source/object/hair_deformer.cpp; sourceTree = SOURCE_ROOT; };
		A0A668333934D3DB7B000000 /* serial.cpp */ = {isa = PBXFileReference; fileEncoding = 4; lastKnownFileType = sourcecode.cpp.cpp; name = serial.cpp; path = source/gui/serial.cpp; sourceTree = SOURCE_ROOT; };
		A0A66833393AD1E940000000 /* listview.cpp */ = {isa = PBXFileReference; fileEncoding = 4; lastKnownFileType = sourcecode.cpp.cpp; name = listview.cpp; path = source/gui/listview.cpp; sourceTree = SOURCE_ROOT; };
		A0A66833393C12ED44000000 /* loadsave.cpp */ = {isa = PBXFileReference; fileEncoding = 4; lastKnownFileType = sourcecode.cpp.cpp; name = loadsave.cpp; path = source/sculpting/loadsave.cpp; sourceTree = SOURCE_ROOT; };
		A0A66833394214739C000000 /* bitmapdistortionshader.cpp */ = {isa = PBXFileReference; fileEncoding = 4; lastKnownFileType = sourcecode.cpp.cpp; name = bitmapdistortionshader.cpp; path = source/shader/bitmapdistortionshader.cpp; sourceTree = SOURCE_ROOT; };
		A0A6683339448C016F000000 /* layershaderbrowser.cpp */ = {isa = PBXFileReference; fileEncoding = 4; lastKnownFileType = sourcecode.cpp.cpp; name = layershaderbrowser.cpp; path = source/gui/layershaderbrowser.cpp; sourceTree = SOURCE_ROOT; };
		A0A6683339459B5734000000 /* bff.cpp */ = {isa = PBXFileReference; fileEncoding = 4; lastKnownFileType = sourcecode.cpp.cpp; name = bff.cpp; path = source/filter/bff.cpp; sourceTree = SOURCE_ROOT; };
		A0A66833394ABED55F000000 /* hair_render.cpp */ = {isa = PBXFileReference; fileEncoding = 4; lastKnownFileType = sourcecode.cpp.cpp; name = hair_render.cpp; path = source/tag/hair_render.cpp; sourceTree = SOURCE_ROOT; };
		A0A66833394BEE3A3F000000 /* blinker.cpp */ = {isa = PBXFileReference; fileEncoding = 4; lastKnownFileType = sourcecode.cpp.cpp; name = blinker.cpp; path = source/animation/blinker.cpp; sourceTree = SOURCE_ROOT; };
		A0A66833394CD21325000000 /* visualize_channel.cpp */ = {isa = PBXFileReference; fileEncoding = 4; lastKnownFileType = sourcecode.cpp.cpp; name = visualize_channel.cpp; path = source/videopost/visualize_channel.cpp; sourceTree = SOURCE_ROOT; };
		A0A66833394F7794E2000000 /* reversenormals.cpp */ = {isa = PBXFileReference; fileEncoding = 4; lastKnownFileType = sourcecode.cpp.cpp; name = reversenormals.cpp; path = source/tool/reversenormals.cpp; sourceTree = SOURCE_ROOT; };
		A0A668333953185C49000000 /* sculpting.cpp */ = {isa = PBXFileReference; fileEncoding = 4; lastKnownFileType = sourcecode.cpp.cpp; name = sculpting.cpp; path = source/tool/sculpting.cpp; sourceTree = SOURCE_ROOT; };
		A0A66833395B428726000000 /* hair_collision.cpp */ = {isa = PBXFileReference; fileEncoding = 4; lastKnownFileType = sourcecode.cpp.cpp; name = hair_collision.cpp; path = source/object/hair_collision.cpp; sourceTree = SOURCE_ROOT; };
		A0A66833395B452E71000000 /* drawpoly.cpp */ = {isa = PBXFileReference; fileEncoding = 4; lastKnownFileType = sourcecode.cpp.cpp; name = drawpoly.cpp; path = source/sculpting/drawpoly.cpp; sourceTree = SOURCE_ROOT; };
		A0A66833395CB73FCA000000 /* gradientuserarea.h */ = {isa = PBXFileReference; fileEncoding = 4; lastKnownFileType = sourcecode.c.h; name = gradientuserarea.h; path = source/gui/gradientuserarea.h; sourceTree = SOURCE_ROOT; };
		A0A66833396018D44F000000 /* hair_styling.cpp */ = {isa = PBXFileReference; fileEncoding = 4; lastKnownFileType = sourcecode.cpp.cpp; name = hair_styling.cpp; path = source/tag/hair_styling.cpp; sourceTree = SOURCE_ROOT; };
		A0A6683339617AD2EC000000 /* liquidtool.cpp */ = {isa = PBXFileReference; fileEncoding = 4; lastKnownFileType = sourcecode.cpp.cpp; name = liquidtool.cpp; path = source/tool/liquidtool.cpp; sourceTree = SOURCE_ROOT; };
		A0A668333962E569FB000000 /* asynctest.cpp */ = {isa = PBXFileReference; fileEncoding = 4; lastKnownFileType = sourcecode.cpp.cpp; name = asynctest.cpp; path = source/gui/asynctest.cpp; sourceTree = SOURCE_ROOT; };
		A0A668333964800334000000 /* layershaderbrowser.h */ = {isa = PBXFileReference; fileEncoding = 4; lastKnownFileType = sourcecode.c.h; name = layershaderbrowser.h; path = source/gui/layershaderbrowser.h; sourceTree = SOURCE_ROOT; };
		A0A6683339662B87FA000000 /* illumination.cpp */ = {isa = PBXFileReference; fileEncoding = 4; lastKnownFileType = sourcecode.cpp.cpp; name = illumination.cpp; path = source/shader/illumination.cpp; sourceTree = SOURCE_ROOT; };
		A0A66833396741B662000000 /* atom.cpp */ = {isa = PBXFileReference; fileEncoding = 4; lastKnownFileType = sourcecode.cpp.cpp; name = atom.cpp; path = source/object/atom.cpp; sourceTree = SOURCE_ROOT; };
		A0A66833396D68A316000000 /* memstat.cpp */ = {isa = PBXFileReference; fileEncoding = 4; lastKnownFileType = sourcecode.cpp.cpp; name = memstat.cpp; path = source/gui/memstat.cpp; sourceTree = SOURCE_ROOT; };
		A0A66833396F2106B3000000 /* drawpolybrush.cpp */ = {isa = PBXFileReference; fileEncoding = 4; lastKnownFileType = sourcecode.cpp.cpp; name = drawpolybrush.cpp; path = source/sculpting/drawpolybrush.cpp; sourceTree = SOURCE_ROOT; };
		A0A668333972D52247000000 /* hair_generator.cpp */ = {isa = PBXFileReference; fileEncoding = 4; lastKnownFileType = sourcecode.cpp.cpp; name = hair_generator.cpp; path = source/object/hair_generator.cpp; sourceTree = SOURCE_ROOT; };
		A0A66833397743C0E4000000 /* pgp.cpp */ = {isa = PBXFileReference; fileEncoding = 4; lastKnownFileType = sourcecode.cpp.cpp; name = pgp.cpp; path = source/pgp/pgp.cpp; sourceTree = SOURCE_ROOT; };
		A0A6683339774B86B6000000 /* mandelbrotshader.cpp */ = {isa = PBXFileReference; fileEncoding = 4; lastKnownFileType = sourcecode.cpp.cpp; name = mandelbrotshader.cpp; path = source/shader/mandelbrotshader.cpp; sourceTree = SOURCE_ROOT; };
		A0A6683339784ABDA3000000 /* gravitation.cpp */ = {isa = PBXFileReference; fileEncoding = 4; lastKnownFileType = sourcecode.cpp.cpp; name = gravitation.cpp; path = source/object/gravitation.cpp; sourceTree = SOURCE_ROOT; };
		A0A6683339792A03F4000000 /* filterthreshold.cpp */ = {isa = PBXFileReference; fileEncoding = 4; lastKnownFileType = sourcecode.cpp.cpp; name = filterthreshold.cpp; path = source/bitmapfilter/filterthreshold.cpp; sourceTree = SOURCE_ROOT; };
		A0A66833397AB9FF75000000 /* subdialog.cpp */ = {isa = PBXFileReference; fileEncoding = 4; lastKnownFileType = sourcecode.cpp.cpp; name = subdialog.cpp; path = source/gui/subdialog.cpp; sourceTree = SOURCE_ROOT; };
		A0A66833397D08479B000000 /* hair_videopost.cpp */ = {isa = PBXFileReference; fileEncoding = 4; lastKnownFileType = sourcecode.cpp.cpp; name = hair_videopost.cpp; path = source/videopost/hair_videopost.cpp; sourceTree = SOURCE_ROOT; };
		A0A66833397EF3397D000000 /* cubesbrush.cpp */ = {isa = PBXFileReference; fileEncoding = 4; lastKnownFileType = sourcecode.cpp.cpp; name = cubesbrush.cpp; path = source/sculpting/cubesbrush.cpp; sourceTree = SOURCE_ROOT; };
		A0A66833398066F297000000 /* commandlinerender.cpp */ = {isa = PBXFileReference; fileEncoding = 4; lastKnownFileType = sourcecode.cpp.cpp; name = commandlinerender.cpp; path = source/other/commandlinerender.cpp; sourceTree = SOURCE_ROOT; };
		A0A668333983C53DDF000000 /* hair_force.cpp */ = {isa = PBXFileReference; fileEncoding = 4; lastKnownFileType = sourcecode.cpp.cpp; name = hair_force.cpp; path = source/object/hair_force.cpp; sourceTree = SOURCE_ROOT; };
		A0A66833398A6D3012000000 /* morphmixer.cpp */ = {isa = PBXFileReference; fileEncoding = 4; lastKnownFileType = sourcecode.cpp.cpp; name = morphmixer.cpp; path = source/object/morphmixer.cpp; sourceTree = SOURCE_ROOT; };
		A0A66833398B758C71000000 /* serial_hook.cpp */ = {isa = PBXFileReference; fileEncoding = 4; lastKnownFileType = sourcecode.cpp.cpp; name = serial_hook.cpp; path = source/gui/serial_hook.cpp; sourceTree = SOURCE_ROOT; };
		A0A66833398FA5014B000000 /* particlevolume.cpp */ = {isa = PBXFileReference; fileEncoding = 4; lastKnownFileType = sourcecode.cpp.cpp; name = particlevolume.cpp; path = source/shader/particlevolume.cpp; sourceTree = SOURCE_ROOT; };
		A0A6683339945B11F5000000 /* spherify.cpp */ = {isa = PBXFileReference; fileEncoding = 4; lastKnownFileType = sourcecode.cpp.cpp; name = spherify.cpp; path = source/object/spherify.cpp; sourceTree = SOURCE_ROOT; };
		A0A6683339A0E953B3000000 /* hair_constraint.cpp */ = {isa = PBXFileReference; fileEncoding = 4; lastKnownFileType = sourcecode.cpp.cpp; name = hair_constraint.cpp; path = source/object/hair_constraint.cpp; sourceTree = SOURCE_ROOT; };
		A0A6683339A15A2F4F000000 /* vpstereo.cpp */ = {isa = PBXFileReference; fileEncoding = 4; lastKnownFileType = sourcecode.cpp.cpp; name = vpstereo.cpp; path = source/videopost/vpstereo.cpp; sourceTree = SOURCE_ROOT; };
		A0A6683339B5C1CF35000000 /* lookatcamera.cpp */ = {isa = PBXFileReference; fileEncoding = 4; lastKnownFileType = sourcecode.cpp.cpp; name = lookatcamera.cpp; path = source/tag/lookatcamera.cpp; sourceTree = SOURCE_ROOT; };
		A0A6683339B7BF7B61000000 /* circle.cpp */ = {isa = PBXFileReference; fileEncoding = 4; lastKnownFileType = sourcecode.cpp.cpp; name = circle.cpp; path = source/object/circle.cpp; sourceTree = SOURCE_ROOT; };
		A0A6683339BFBCECF7000000 /* grabbrush.cpp */ = {isa = PBXFileReference; fileEncoding = 4; lastKnownFileType = sourcecode.cpp.cpp; name = grabbrush.cpp; path = source/sculpting/grabbrush.cpp; sourceTree = SOURCE_ROOT; };
		A0A6683339CBE6CD68000000 /* vpcolorize.cpp */ = {isa = PBXFileReference; fileEncoding = 4; lastKnownFileType = sourcecode.cpp.cpp; name = vpcolorize.cpp; path = source/videopost/vpcolorize.cpp; sourceTree = SOURCE_ROOT; };
		A0A6683339D1700DC2000000 /* activeobject.cpp */ = {isa = PBXFileReference; fileEncoding = 4; lastKnownFileType = sourcecode.cpp.cpp; name = activeobject.cpp; path = source/gui/activeobject.cpp; sourceTree = SOURCE_ROOT; };
		A0A6683339D92629F7000000 /* randomfalloff.cpp */ = {isa = PBXFileReference; fileEncoding = 4; lastKnownFileType = sourcecode.cpp.cpp; name = randomfalloff.cpp; path = source/falloff/randomfalloff.cpp; sourceTree = SOURCE_ROOT; };
		A0A6683339DE19FA2E000000 /* vpreconstructimage.cpp */ = {isa = PBXFileReference; fileEncoding = 4; lastKnownFileType = sourcecode.cpp.cpp; name = vpreconstructimage.cpp; path = source/videopost/vpreconstructimage.cpp; sourceTree = SOURCE_ROOT; };
		A0A6683339E0386246000000 /* misctest.cpp */ = {isa = PBXFileReference; fileEncoding = 4; lastKnownFileType = sourcecode.cpp.cpp; name = misctest.cpp; path = source/other/misctest.cpp; sourceTree = SOURCE_ROOT; };
		A0A6683339E11DAC3D000000 /* stl.cpp */ = {isa = PBXFileReference; fileEncoding = 4; lastKnownFileType = sourcecode.cpp.cpp; name = stl.cpp; path = source/filter/stl.cpp; sourceTree = SOURCE_ROOT; };
		A0A6683339E4BF6D66000000 /* paint_saver_test.cpp */ = {isa = PBXFileReference; fileEncoding = 4; lastKnownFileType = sourcecode.cpp.cpp; name = paint_saver_test.cpp; path = source/bitmapfilter/paint_saver_test.cpp; sourceTree = SOURCE_ROOT; };
		A0A6683339E876172A000000 /* hair_grass.cpp */ = {isa = PBXFileReference; fileEncoding = 4; lastKnownFileType = sourcecode.cpp.cpp; name = hair_grass.cpp; path = source/object/hair_grass.cpp; sourceTree = SOURCE_ROOT; };
		A0A6683339E921D362000000 /* main.cpp */ = {isa = PBXFileReference; fileEncoding = 4; lastKnownFileType = sourcecode.cpp.cpp; name = main.cpp; path = source/main.cpp; sourceTree = SOURCE_ROOT; };
		A0A6683339EEAC41AF000000 /* edgecuttool.cpp */ = {isa = PBXFileReference; fileEncoding = 4; lastKnownFileType = sourcecode.cpp.cpp; name = edgecuttool.cpp; path = source/tool/edgecuttool.cpp; sourceTree = SOURCE_ROOT; };
		A0A6683339F2CD6C18000000 /* vpinvertimage.cpp */ = {isa = PBXFileReference; fileEncoding = 4; lastKnownFileType = sourcecode.cpp.cpp; name = vpinvertimage.cpp; path = source/videopost/vpinvertimage.cpp; sourceTree = SOURCE_ROOT; };
		A0A6683339F470FF41020000 /* cinema.framework.xcodeproj */ = {isa = PBXFileReference; lastKnownFileType = "wrapper.pb-project"; name = cinema.framework.xcodeproj; path = ../../../frameworks/cinema.framework/project/cinema.framework.xcodeproj; sourceTree = SOURCE_ROOT; };
		A0A6683339F7466884000000 /* simplematerial.cpp */ = {isa = PBXFileReference; fileEncoding = 4; lastKnownFileType = sourcecode.cpp.cpp; name = simplematerial.cpp; path = source/shader/simplematerial.cpp; sourceTree = SOURCE_ROOT; };
		A0A6683339FBF36A8A000000 /* roundedtube.cpp */ = {isa = PBXFileReference; fileEncoding = 4; lastKnownFileType = sourcecode.cpp.cpp; name = roundedtube.cpp; path = source/object/roundedtube.cpp; sourceTree = SOURCE_ROOT; };
		A0A6683339FC7832E1000000 /* hair_shader.cpp */ = {isa = PBXFileReference; fileEncoding = 4; lastKnownFileType = sourcecode.cpp.cpp; name = hair_shader.cpp; path = source/shader/hair_shader.cpp; sourceTree = SOURCE_ROOT; };
		A0A6683339FC93D0C3000000 /* gl_test_object.cpp */ = {isa = PBXFileReference; fileEncoding = 4; lastKnownFileType = sourcecode.cpp.cpp; name = gl_test_object.cpp; path = source/object/gl_test_object.cpp; sourceTree = SOURCE_ROOT; };
		A0A6683339FD2F9822000000 /* filtermatrix.cpp */ = {isa = PBXFileReference; fileEncoding = 4; lastKnownFileType = sourcecode.cpp.cpp; name = filtermatrix.cpp; path = source/bitmapfilter/filtermatrix.cpp; sourceTree = SOURCE_ROOT; };
		CF1845361B0B868200A2C1A5 /* customdata_customgui.cpp */ = {isa = PBXFileReference; fileEncoding = 4; lastKnownFileType = sourcecode.cpp.cpp; name = customdata_customgui.cpp; path = source/gui/customdata_customgui.cpp; sourceTree = SOURCE_ROOT; };
		CF2C3A121B1F05590000B009 /* objectdata_descriptions.cpp */ = {isa = PBXFileReference; fileEncoding = 4; lastKnownFileType = sourcecode.cpp.cpp; name = objectdata_descriptions.cpp; path = source/gui/objectdata_descriptions.cpp; sourceTree = SOURCE_ROOT; };
		CF36BFF81B17857D00531499 /* gedialog_gadgets.cpp */ = {isa = PBXFileReference; fileEncoding = 4; lastKnownFileType = sourcecode.cpp.cpp; name = gedialog_gadgets.cpp; path = source/gui/gedialog_gadgets.cpp; sourceTree = SOURCE_ROOT; };
		CF5F74381A8E312800E840EC /* snapdata_nullsnap.cpp */ = {isa = PBXFileReference; fileEncoding = 4; lastKnownFileType = sourcecode.cpp.cpp; name = snapdata_nullsnap.cpp; path = source/other/snapdata_nullsnap.cpp; sourceTree = SOURCE_ROOT; };
		CF930B5E1AC41A45006064BA /* customgui_string.cpp */ = {isa = PBXFileReference; fileEncoding = 4; lastKnownFileType = sourcecode.cpp.cpp; name = customgui_string.cpp; path = source/gui/customgui_string.cpp; sourceTree = SOURCE_ROOT; };
		DA3565EF1A7414AB0029EEF9 /* takeTest.cpp */ = {isa = PBXFileReference; fileEncoding = 4; lastKnownFileType = sourcecode.cpp.cpp; name = takeTest.cpp; path = source/other/takeTest.cpp; sourceTree = SOURCE_ROOT; };
/* End PBXFileReference section */

/* Begin PBXFrameworksBuildPhase section */
		A0A6683339000000000F0000 /* Frameworks */ = {
			isa = PBXFrameworksBuildPhase;
			buildActionMask = 2147483647;
			files = (
				A0A6683339F470FF41010000 /* libcinema.framework.a in Frameworks */,
			);
			runOnlyForDeploymentPostprocessing = 0;
		};
/* End PBXFrameworksBuildPhase section */

/* Begin PBXGroup section */
		28897308187B9E6F006FF83E /* painting */ = {
			isa = PBXGroup;
			children = (
				28897321187B9EE4006FF83E /* sculptbrushmultistamp.cpp */,
				28897322187B9EE4006FF83E /* sculptbrushtwist.cpp */,
				28897323187B9EE4006FF83E /* sculptdeformer.cpp */,
				28897324187B9EE4006FF83E /* sculptmodifier.cpp */,
				2889730A187B9EBC006FF83E /* advanced */,
			);
			name = painting;
			sourceTree = "<group>";
		};
		2889730A187B9EBC006FF83E /* advanced */ = {
			isa = PBXGroup;
			children = (
				2889730B187B9EC9006FF83E /* paintbrushbase.cpp */,
				2889730C187B9EC9006FF83E /* paintbrushbase.h */,
				2889730D187B9EC9006FF83E /* paintbrushids.h */,
				2889730E187B9EC9006FF83E /* paintbrushsculpt.cpp */,
				2889730F187B9EC9006FF83E /* paintchannels.cpp */,
				28897310187B9EC9006FF83E /* paintchannels.h */,
				28897311187B9EC9006FF83E /* paintundo.cpp */,
				28897312187B9EC9006FF83E /* paintundo.h */,
				28897313187B9EC9006FF83E /* rasterize_bary.h */,
				28897314187B9EC9006FF83E /* registeradvancedpaint.cpp */,
				28897315187B9EC9006FF83E /* registeradvancedpaint.h */,
			);
			name = advanced;
			sourceTree = "<group>";
		};
		A0A668333900000000140000 /* libs */ = {
			isa = PBXGroup;
			children = (
				A0A6683339F470FF41020000 /* cinema.framework.xcodeproj */,
			);
			name = libs;
			sourceTree = "<group>";
		};
		A0A668333900000000190000 /* configurations */ = {
			isa = PBXGroup;
			children = (
				A0A668333900000000000000 /* debugbase.xcconfig */,
				A0A668333900000000050000 /* releasebase.xcconfig */,
			);
			name = configurations;
			sourceTree = "<group>";
		};
		A0A6683339000000001E0000 = {
			isa = PBXGroup;
			children = (
				A0A668333900000000190000 /* configurations */,
				A0A668333900000000140000 /* libs */,
				A0A668333900000000230000 /* products */,
				A0A6683339CA90681B000000 /* source */,
			);
			sourceTree = "<group>";
		};
		A0A668333900000000230000 /* products */ = {
			isa = PBXGroup;
			children = (
				A08C5CDEA3A66833397B0000 /* cinema4dsdk.dylib */,
			);
			name = products;
			sourceTree = "<group>";
		};
		A0A66833390CB7FFEC000000 /* filter */ = {
			isa = PBXGroup;
			children = (
				A0A6683339459B5734000000 /* bff.cpp */,
				A0A6683339E11DAC3D000000 /* stl.cpp */,
			);
			name = filter;
			path = ../source/filter;
			sourceTree = SOURCE_ROOT;
		};
		A0A66833391170EC1C000000 /* other */ = {
			isa = PBXGroup;
			children = (
				DA3565EF1A7414AB0029EEF9 /* takeTest.cpp */,
				CF5F74381A8E312800E840EC /* snapdata_nullsnap.cpp */,
				261F66D619F934C300641C14 /* arraytutorial.cpp */,
				A0A66833398066F297000000 /* commandlinerender.cpp */,
				A0A6683339E0386246000000 /* misctest.cpp */,
				26BB9EC71883E80900D6052F /* movecopyconstructors.cpp */,
			);
			name = other;
			path = ../source/other;
			sourceTree = SOURCE_ROOT;
		};
		A0A66833391BAFD7B3000000 /* object */ = {
			isa = PBXGroup;
			children = (
				A0A66833396741B662000000 /* atom.cpp */,
				A0A6683339B7BF7B61000000 /* circle.cpp */,
				A0A6683339201D7F34000000 /* dropeffector.cpp */,
				A0A6683339FC93D0C3000000 /* gl_test_object.cpp */,
				A0A6683339784ABDA3000000 /* gravitation.cpp */,
				A0A66833395B428726000000 /* hair_collision.cpp */,
				A0A6683339A0E953B3000000 /* hair_constraint.cpp */,
				A0A6683339342DDFC8000000 /* hair_deformer.cpp */,
				A0A668333983C53DDF000000 /* hair_force.cpp */,
				A0A668333972D52247000000 /* hair_generator.cpp */,
				A0A6683339E876172A000000 /* hair_grass.cpp */,
				A0A66833398A6D3012000000 /* morphmixer.cpp */,
				A0A668333926279CA7000000 /* noiseeffector.cpp */,
				A0A6683339FBF36A8A000000 /* roundedtube.cpp */,
				A0A6683339945B11F5000000 /* spherify.cpp */,
				A0A668333912D85805000000 /* triangulate.cpp */,
			);
			name = object;
			path = ../source/object;
			sourceTree = SOURCE_ROOT;
		};
		A0A668333922D3AC59000000 /* shader */ = {
			isa = PBXGroup;
			children = (
				A0A66833394214739C000000 /* bitmapdistortionshader.cpp */,
				A0A6683339281EB3C0000000 /* gl_material.cpp */,
				A0A66833391D9370C0000000 /* gradientshader.cpp */,
				A0A6683339FC7832E1000000 /* hair_shader.cpp */,
				A0A6683339662B87FA000000 /* illumination.cpp */,
				A0A6683339774B86B6000000 /* mandelbrotshader.cpp */,
				A0A66833398FA5014B000000 /* particlevolume.cpp */,
				A0A6683339F7466884000000 /* simplematerial.cpp */,
			);
			name = shader;
			path = ../source/shader;
			sourceTree = SOURCE_ROOT;
		};
		A0A668333954658158000000 /* datatype */ = {
			isa = PBXGroup;
			children = (
				A0A66833390B8011F0000000 /* datatype.cpp */,
			);
			name = datatype;
			path = ../source/datatype;
			sourceTree = SOURCE_ROOT;
		};
		A0A66833397C9DBA20000000 /* falloff */ = {
			isa = PBXGroup;
			children = (
				A0A6683339D92629F7000000 /* randomfalloff.cpp */,
			);
			name = falloff;
			path = ../source/falloff;
			sourceTree = SOURCE_ROOT;
		};
		A0A66833398F742290000000 /* animation */ = {
			isa = PBXGroup;
			children = (
				A0A66833394BEE3A3F000000 /* blinker.cpp */,
			);
			name = animation;
			path = ../source/animation;
			sourceTree = SOURCE_ROOT;
		};
		A0A66833399C48FEA7000000 /* videopost */ = {
			isa = PBXGroup;
			children = (
				A0A66833397D08479B000000 /* hair_videopost.cpp */,
				A0A66833394CD21325000000 /* visualize_channel.cpp */,
				A0A6683339CBE6CD68000000 /* vpcolorize.cpp */,
				A0A6683339F2CD6C18000000 /* vpinvertimage.cpp */,
				A0A6683339DE19FA2E000000 /* vpreconstructimage.cpp */,
				A0A6683339A15A2F4F000000 /* vpstereo.cpp */,
				A0A66833391B8C1CAF000000 /* vpvisualizenormals.cpp */,
			);
			name = videopost;
			path = ../source/videopost;
			sourceTree = SOURCE_ROOT;
		};
		A0A6683339A118EADB000000 /* bitmapfilter */ = {
			isa = PBXGroup;
			children = (
				A0A6683339FD2F9822000000 /* filtermatrix.cpp */,
				A0A6683339792A03F4000000 /* filterthreshold.cpp */,
				A0A6683339E4BF6D66000000 /* paint_saver_test.cpp */,
			);
			name = bitmapfilter;
			path = ../source/bitmapfilter;
			sourceTree = SOURCE_ROOT;
		};
		A0A6683339BDAFD147000000 /* gui */ = {
			isa = PBXGroup;
			children = (
				603E13221B5FA23200CE980D /* objectdata_getsetdparameter.cpp */,
				CF2C3A121B1F05590000B009 /* objectdata_descriptions.cpp */,
				CF36BFF81B17857D00531499 /* gedialog_gadgets.cpp */,
				CF1845361B0B868200A2C1A5 /* customdata_customgui.cpp */,
				CF930B5E1AC41A45006064BA /* customgui_string.cpp */,
				A0A6683339D1700DC2000000 /* activeobject.cpp */,
				A0A668333962E569FB000000 /* asynctest.cpp */,
				A0A66833390BE67085000000 /* gradientuserarea.cpp */,
				A0A66833395CB73FCA000000 /* gradientuserarea.h */,
				A0A6683339448C016F000000 /* layershaderbrowser.cpp */,
				A0A668333964800334000000 /* layershaderbrowser.h */,
				A0A66833393AD1E940000000 /* listview.cpp */,
				A0A66833396D68A316000000 /* memstat.cpp */,
				A0A66833393224486E000000 /* menutest.cpp */,
				A0A66833398B758C71000000 /* serial_hook.cpp */,
				A0A668333934D3DB7B000000 /* serial.cpp */,
				A0A66833397AB9FF75000000 /* subdialog.cpp */,
			);
			name = gui;
			path = ../source/gui;
			sourceTree = SOURCE_ROOT;
		};
		A0A6683339BDAFF165000000 /* pgp */ = {
			isa = PBXGroup;
			children = (
				A0A66833397743C0E4000000 /* pgp.cpp */,
			);
			name = pgp;
			path = ../source/pgp;
			sourceTree = SOURCE_ROOT;
		};
		A0A6683339BDAFFFA6000000 /* tag */ = {
			isa = PBXGroup;
			children = (
				A0A66833394ABED55F000000 /* hair_render.cpp */,
				A0A66833396018D44F000000 /* hair_styling.cpp */,
				A0A6683339B5C1CF35000000 /* lookatcamera.cpp */,
			);
			name = tag;
			path = ../source/tag;
			sourceTree = SOURCE_ROOT;
		};
		A0A6683339CA90681B000000 /* source */ = {
			isa = PBXGroup;
			children = (
				28897308187B9E6F006FF83E /* painting */,
				A0A66833398F742290000000 /* animation */,
				A0A6683339A118EADB000000 /* bitmapfilter */,
				A0A668333954658158000000 /* datatype */,
				A0A66833397C9DBA20000000 /* falloff */,
				A0A66833390CB7FFEC000000 /* filter */,
				A0A6683339BDAFD147000000 /* gui */,
				A0A66833391BAFD7B3000000 /* object */,
				A0A66833391170EC1C000000 /* other */,
				A0A6683339BDAFF165000000 /* pgp */,
				A0A6683339FF8051E3000000 /* sculpting */,
				A0A668333922D3AC59000000 /* shader */,
				A0A6683339BDAFFFA6000000 /* tag */,
				A0A6683339F8502B0C000000 /* tool */,
				A0A66833399C48FEA7000000 /* videopost */,
				A0A6683339E921D362000000 /* main.cpp */,
				A0A66833391837B5E7000000 /* main.h */,
			);
			name = source;
			path = ../source;
			sourceTree = SOURCE_ROOT;
		};
		A0A6683339F470FF41280000 /* products */ = {
			isa = PBXGroup;
			children = (
				A0A6683339F470FF41000000 /* libcinema.framework.a */,
				28945ECD17E25C1A009BE29F /* libcinema.framework_static.a */,
			);
			name = products;
			sourceTree = "<group>";
		};
		A0A6683339F8502B0C000000 /* tool */ = {
			isa = PBXGroup;
			children = (
				30C3BAC61803FDDE004E2C96 /* snaptool.cpp */,
				A0A6683339EEAC41AF000000 /* edgecuttool.cpp */,
				A0A6683339617AD2EC000000 /* liquidtool.cpp */,
				A0A668333909A83EB8000000 /* pickobject.cpp */,
				A0A66833394F7794E2000000 /* reversenormals.cpp */,
				A0A668333953185C49000000 /* sculpting.cpp */,
			);
			name = tool;
			path = ../source/tool;
			sourceTree = SOURCE_ROOT;
		};
		A0A6683339FF8051E3000000 /* sculpting */ = {
			isa = PBXGroup;
			children = (
				370E41D119A69052004C284E /* splinebrush.cpp */,
				A0A66833397EF3397D000000 /* cubesbrush.cpp */,
				A0A66833395B452E71000000 /* drawpoly.cpp */,
				A0A66833396F2106B3000000 /* drawpolybrush.cpp */,
				A0A6683339BFBCECF7000000 /* grabbrush.cpp */,
				A0A66833393C12ED44000000 /* loadsave.cpp */,
				A0A66833392A1F311E000000 /* pullbrush.cpp */,
				A0A6683339003C788F000000 /* selectionbrush.cpp */,
			);
			name = sculpting;
			path = ../source/sculpting;
			sourceTree = SOURCE_ROOT;
		};
/* End PBXGroup section */

/* Begin PBXHeadersBuildPhase section */
		A0A6683339000000002D0000 /* Headers */ = {
			isa = PBXHeadersBuildPhase;
			buildActionMask = 2147483647;
			files = (
				A0A66833391837B5E7010000 /* main.h in Headers */,
				2889731B187B9EC9006FF83E /* paintchannels.h in Headers */,
				28897318187B9EC9006FF83E /* paintbrushids.h in Headers */,
				28897317187B9EC9006FF83E /* paintbrushbase.h in Headers */,
				2889731E187B9EC9006FF83E /* rasterize_bary.h in Headers */,
				A0A66833395CB73FCA010000 /* gradientuserarea.h in Headers */,
				A0A668333964800334010000 /* layershaderbrowser.h in Headers */,
				2889731D187B9EC9006FF83E /* paintundo.h in Headers */,
				28897320187B9EC9006FF83E /* registeradvancedpaint.h in Headers */,
			);
			runOnlyForDeploymentPostprocessing = 0;
		};
/* End PBXHeadersBuildPhase section */

/* Begin PBXNativeTarget section */
		A08C5CDEA3A6683339000000 /* cinema4dsdk */ = {
			isa = PBXNativeTarget;
			buildConfigurationList = A0A668333900000000460000 /* Build configuration list for PBXNativeTarget "cinema4dsdk" */;
			buildPhases = (
				A0A668333900000000320000 /* Sources */,
				A0A6683339000000000F0000 /* Frameworks */,
				A0A6683339000000002D0000 /* Headers */,
			);
			buildRules = (
			);
			dependencies = (
				A0A6683339F470FF41370000 /* PBXTargetDependency */,
			);
			name = cinema4dsdk;
			productName = cinema4dsdk;
			productReference = A08C5CDEA3A66833397B0000 /* cinema4dsdk.dylib */;
			productType = "com.apple.product-type.library.dynamic";
		};
/* End PBXNativeTarget section */

/* Begin PBXProject section */
		A0A6683339000000003C0000 /* Project object */ = {
			isa = PBXProject;
			attributes = {
				LastUpgradeCheck = 0610;
				ORGANIZATIONNAME = "MAXON Computer GmbH";
			};
			buildConfigurationList = A0A668333900000000410000 /* Build configuration list for PBXProject "cinema4dsdk" */;
			compatibilityVersion = "Xcode 3.2";
			developmentRegion = English;
			hasScannedForEncodings = 0;
			knownRegions = (
				en,
			);
			mainGroup = A0A6683339000000001E0000;
			productRefGroup = A0A668333900000000230000 /* products */;
			projectDirPath = "";
			projectReferences = (
				{
					ProductGroup = A0A6683339F470FF41280000 /* products */;
					ProjectRef = A0A6683339F470FF41020000 /* cinema.framework.xcodeproj */;
				},
			);
			projectRoot = "";
			targets = (
				A08C5CDEA3A6683339000000 /* cinema4dsdk */,
			);
		};
/* End PBXProject section */

/* Begin PBXReferenceProxy section */
		28945ECD17E25C1A009BE29F /* libcinema.framework_static.a */ = {
			isa = PBXReferenceProxy;
			fileType = archive.ar;
			path = libcinema.framework_static.a;
			remoteRef = 28945ECC17E25C1A009BE29F /* PBXContainerItemProxy */;
			sourceTree = BUILT_PRODUCTS_DIR;
		};
		A0A6683339F470FF41000000 /* libcinema.framework.a */ = {
			isa = PBXReferenceProxy;
			fileType = archive.ar;
			path = libcinema.framework.a;
			remoteRef = A0A6683339F470FF41040000 /* PBXContainerItemProxy */;
			sourceTree = BUILT_PRODUCTS_DIR;
		};
/* End PBXReferenceProxy section */

/* Begin PBXSourcesBuildPhase section */
		A0A668333900000000320000 /* Sources */ = {
			isa = PBXSourcesBuildPhase;
			buildActionMask = 2147483647;
			files = (
				26BB9EC91883E80900D6052F /* movecopyconstructors.cpp in Sources */,
				A0A6683339003C788F010000 /* selectionbrush.cpp in Sources */,
				A0A668333909A83EB8010000 /* pickobject.cpp in Sources */,
				A0A66833390B8011F0010000 /* datatype.cpp in Sources */,
				A0A66833390BE67085010000 /* gradientuserarea.cpp in Sources */,
				603E13231B5FA23200CE980D /* objectdata_getsetdparameter.cpp in Sources */,
				A0A668333912D85805010000 /* triangulate.cpp in Sources */,
				A0A66833391B8C1CAF010000 /* vpvisualizenormals.cpp in Sources */,
				CF36BFF91B17857D00531499 /* gedialog_gadgets.cpp in Sources */,
				A0A66833391D9370C0010000 /* gradientshader.cpp in Sources */,
				A0A6683339201D7F34010000 /* dropeffector.cpp in Sources */,
				A0A668333926279CA7010000 /* noiseeffector.cpp in Sources */,
				A0A6683339281EB3C0010000 /* gl_material.cpp in Sources */,
				A0A66833392A1F311E010000 /* pullbrush.cpp in Sources */,
				A0A66833393224486E010000 /* menutest.cpp in Sources */,
				A0A6683339342DDFC8010000 /* hair_deformer.cpp in Sources */,
				A0A668333934D3DB7B010000 /* serial.cpp in Sources */,
				A0A66833393AD1E940010000 /* listview.cpp in Sources */,
				A0A66833393C12ED44010000 /* loadsave.cpp in Sources */,
				CF2C3A131B1F05590000B009 /* objectdata_descriptions.cpp in Sources */,
				A0A66833394214739C010000 /* bitmapdistortionshader.cpp in Sources */,
				30C3BAC71803FDDE004E2C96 /* snaptool.cpp in Sources */,
				A0A6683339448C016F010000 /* layershaderbrowser.cpp in Sources */,
				A0A6683339459B5734010000 /* bff.cpp in Sources */,
				A0A66833394ABED55F010000 /* hair_render.cpp in Sources */,
				A0A66833394BEE3A3F010000 /* blinker.cpp in Sources */,
				A0A66833394CD21325010000 /* visualize_channel.cpp in Sources */,
				A0A66833394F7794E2010000 /* reversenormals.cpp in Sources */,
				28897325187B9EE4006FF83E /* sculptbrushmultistamp.cpp in Sources */,
				A0A668333953185C49010000 /* sculpting.cpp in Sources */,
				A0A66833395B428726010000 /* hair_collision.cpp in Sources */,
				2889731A187B9EC9006FF83E /* paintchannels.cpp in Sources */,
				A0A66833395B452E71010000 /* drawpoly.cpp in Sources */,
				A0A66833396018D44F010000 /* hair_styling.cpp in Sources */,
				A0A6683339617AD2EC010000 /* liquidtool.cpp in Sources */,
				A0A668333962E569FB010000 /* asynctest.cpp in Sources */,
				A0A6683339662B87FA010000 /* illumination.cpp in Sources */,
				A0A66833396741B662010000 /* atom.cpp in Sources */,
				A0A66833396D68A316010000 /* memstat.cpp in Sources */,
				A0A66833396F2106B3010000 /* drawpolybrush.cpp in Sources */,
				A0A668333972D52247010000 /* hair_generator.cpp in Sources */,
				A0A66833397743C0E4010000 /* pgp.cpp in Sources */,
				A0A6683339774B86B6010000 /* mandelbrotshader.cpp in Sources */,
				A0A6683339784ABDA3010000 /* gravitation.cpp in Sources */,
				A0A6683339792A03F4010000 /* filterthreshold.cpp in Sources */,
				A0A66833397AB9FF75010000 /* subdialog.cpp in Sources */,
				A0A66833397D08479B010000 /* hair_videopost.cpp in Sources */,
				A0A66833397EF3397D010000 /* cubesbrush.cpp in Sources */,
				A0A66833398066F297010000 /* commandlinerender.cpp in Sources */,
				A0A668333983C53DDF010000 /* hair_force.cpp in Sources */,
				A0A66833398A6D3012010000 /* morphmixer.cpp in Sources */,
				28897327187B9EE4006FF83E /* sculptdeformer.cpp in Sources */,
				A0A66833398B758C71010000 /* serial_hook.cpp in Sources */,
				A0A66833398FA5014B010000 /* particlevolume.cpp in Sources */,
				A0A6683339945B11F5010000 /* spherify.cpp in Sources */,
				A0A6683339A0E953B3010000 /* hair_constraint.cpp in Sources */,
				CF930B5F1AC41A45006064BA /* customgui_string.cpp in Sources */,
				CF5F74391A8E312800E840EC /* snapdata_nullsnap.cpp in Sources */,
				261F66D719F934C300641C14 /* arraytutorial.cpp in Sources */,
				CF1845371B0B868200A2C1A5 /* customdata_customgui.cpp in Sources */,
				A0A6683339A15A2F4F010000 /* vpstereo.cpp in Sources */,
				A0A6683339B5C1CF35010000 /* lookatcamera.cpp in Sources */,
				A0A6683339B7BF7B61010000 /* circle.cpp in Sources */,
				A0A6683339BFBCECF7010000 /* grabbrush.cpp in Sources */,
				28897326187B9EE4006FF83E /* sculptbrushtwist.cpp in Sources */,
				28897328187B9EE4006FF83E /* sculptmodifier.cpp in Sources */,
				A0A6683339CBE6CD68010000 /* vpcolorize.cpp in Sources */,
				28897316187B9EC9006FF83E /* paintbrushbase.cpp in Sources */,
				DA3565F01A7414AB0029EEF9 /* takeTest.cpp in Sources */,
				A0A6683339D1700DC2010000 /* activeobject.cpp in Sources */,
				A0A6683339D92629F7010000 /* randomfalloff.cpp in Sources */,
				A0A6683339DE19FA2E010000 /* vpreconstructimage.cpp in Sources */,
				2889731F187B9EC9006FF83E /* registeradvancedpaint.cpp in Sources */,
				A0A6683339E0386246010000 /* misctest.cpp in Sources */,
				A0A6683339E11DAC3D010000 /* stl.cpp in Sources */,
				A0A6683339E4BF6D66010000 /* paint_saver_test.cpp in Sources */,
				2889731C187B9EC9006FF83E /* paintundo.cpp in Sources */,
				A0A6683339E876172A010000 /* hair_grass.cpp in Sources */,
				A0A6683339E921D362010000 /* main.cpp in Sources */,
				A0A6683339EEAC41AF010000 /* edgecuttool.cpp in Sources */,
				A0A6683339F2CD6C18010000 /* vpinvertimage.cpp in Sources */,
				A0A6683339F7466884010000 /* simplematerial.cpp in Sources */,
				A0A6683339FBF36A8A010000 /* roundedtube.cpp in Sources */,
				A0A6683339FC7832E1010000 /* hair_shader.cpp in Sources */,
				28897319187B9EC9006FF83E /* paintbrushsculpt.cpp in Sources */,
				A0A6683339FC93D0C3010000 /* gl_test_object.cpp in Sources */,
				A0A6683339FD2F9822010000 /* filtermatrix.cpp in Sources */,
				370E41D219A69052004C284E /* splinebrush.cpp in Sources */,
			);
			runOnlyForDeploymentPostprocessing = 0;
		};
/* End PBXSourcesBuildPhase section */

/* Begin PBXTargetDependency section */
		A0A6683339F470FF41370000 /* PBXTargetDependency */ = {
			isa = PBXTargetDependency;
			name = cinema.framework;
			targetProxy = A0A6683339F470FF41050000 /* PBXContainerItemProxy */;
		};
/* End PBXTargetDependency section */

/* Begin XCBuildConfiguration section */
		A0A6683339000000004B0000 /* Debug */ = {
			isa = XCBuildConfiguration;
			baseConfigurationReference = A0A668333900000000000000 /* debugbase.xcconfig */;
			buildSettings = {
				MAXON_ROOTDIR = ../../../;
				USER_HEADER_SEARCH_PATHS = "./source ./res ./res/description $(MAXON_ROOTDIR)frameworks/cinema.framework/source/** $(inherited)";
			};
			name = Debug;
		};
		A0A668333900000000500000 /* Release */ = {
			isa = XCBuildConfiguration;
			baseConfigurationReference = A0A668333900000000050000 /* releasebase.xcconfig */;
			buildSettings = {
				MAXON_ROOTDIR = ../../../;
				USER_HEADER_SEARCH_PATHS = "./source ./res ./res/description $(MAXON_ROOTDIR)frameworks/cinema.framework/source/** $(inherited)";
			};
			name = Release;
		};
		A0A6683339000000005A0000 /* Debug */ = {
			isa = XCBuildConfiguration;
			buildSettings = {
				DEPLOYMENT_LOCATION = YES;
				EXECUTABLE_EXTENSION = dylib;
				INSTALL_PATH = /.;
				PRODUCT_NAME = "$(TARGET_NAME)";
			};
			name = Debug;
		};
		A0A6683339000000005F0000 /* Release */ = {
			isa = XCBuildConfiguration;
			buildSettings = {
				DEPLOYMENT_LOCATION = YES;
				EXECUTABLE_EXTENSION = dylib;
				INSTALL_PATH = /.;
				PRODUCT_NAME = "$(TARGET_NAME)";
			};
			name = Release;
		};
/* End XCBuildConfiguration section */

/* Begin XCConfigurationList section */
		A0A668333900000000410000 /* Build configuration list for PBXProject "cinema4dsdk" */ = {
			isa = XCConfigurationList;
			buildConfigurations = (
				A0A6683339000000004B0000 /* Debug */,
				A0A668333900000000500000 /* Release */,
			);
			defaultConfigurationIsVisible = 0;
			defaultConfigurationName = Debug;
		};
		A0A668333900000000460000 /* Build configuration list for PBXNativeTarget "cinema4dsdk" */ = {
			isa = XCConfigurationList;
			buildConfigurations = (
				A0A6683339000000005A0000 /* Debug */,
				A0A6683339000000005F0000 /* Release */,
			);
			defaultConfigurationIsVisible = 0;
			defaultConfigurationName = Debug;
		};
/* End XCConfigurationList section */
	};
	rootObject = A0A6683339000000003C0000 /* Project object */;
}
